
Microsoft Visual Studio Solution File, Format Version 12.00
# Visual Studio 15
VisualStudioVersion = 15.0.28010.2041
MinimumVisualStudioVersion = 10.0.40219.1
Project("{888888A0-9F3D-457C-B088-3A5042F75D52}") = "Alap", "Alap.pyproj", "{829B5976-1605-48CB-BFBF-02DCABF82228}"
EndProject
Project("{888888A0-9F3D-457C-B088-3A5042F75D52}") = "Test1", "..\test1\Test1.pyproj", "{D5EF10E5-1A32-492B-9E60-976D7D171BE9}"
EndProject
Global
	GlobalSection(SolutionConfigurationPlatforms) = preSolution
		Debug|Any CPU = Debug|Any CPU
		Release|Any CPU = Release|Any CPU
	EndGlobalSection
	GlobalSection(ProjectConfigurationPlatforms) = postSolution
		{829B5976-1605-48CB-BFBF-02DCABF82228}.Debug|Any CPU.ActiveCfg = Debug|Any CPU
		{829B5976-1605-48CB-BFBF-02DCABF82228}.Debug|Any CPU.Build.0 = Debug|Any CPU
		{829B5976-1605-48CB-BFBF-02DCABF82228}.Release|Any CPU.ActiveCfg = Release|Any CPU
		{829B5976-1605-48CB-BFBF-02DCABF82228}.Release|Any CPU.Build.0 = Release|Any CPU
		{D5EF10E5-1A32-492B-9E60-976D7D171BE9}.Debug|Any CPU.ActiveCfg = Debug|Any CPU
		{D5EF10E5-1A32-492B-9E60-976D7D171BE9}.Release|Any CPU.ActiveCfg = Release|Any CPU
	EndGlobalSection
	GlobalSection(SolutionProperties) = preSolution
		HideSolutionNode = FALSE
	EndGlobalSection
	GlobalSection(ExtensibilityGlobals) = postSolution
		SolutionGuid = {3D629D33-C839-4B75-952D-DD7D82561FC6}
	EndGlobalSection
EndGlobal
